
Microsoft Visual Studio Solution File, Format Version 12.00
# Visual Studio Version 17
VisualStudioVersion = 17.1.32407.343
MinimumVisualStudioVersion = 10.0.40219.1
Project("{FAE04EC0-301F-11D3-BF4B-00C04F79EFBC}") = "GenerateDataLines", "GenerateDataLines.csproj", "{681B26C0-8BF1-4C39-9363-B2B285942911}"
EndProject
Global
	GlobalSection(SolutionConfigurationPlatforms) = preSolution
		Debug|Any CPU = Debug|Any CPU
		Release|Any CPU = Release|Any CPU
	EndGlobalSection
	GlobalSection(ProjectConfigurationPlatforms) = postSolution
		{681B26C0-8BF1-4C39-9363-B2B285942911}.Debug|Any CPU.ActiveCfg = Debug|Any CPU
		{681B26C0-8BF1-4C39-9363-B2B285942911}.Debug|Any CPU.Build.0 = Debug|Any CPU
		{681B26C0-8BF1-4C39-9363-B2B285942911}.Release|Any CPU.ActiveCfg = Release|Any CPU
		{681B26C0-8BF1-4C39-9363-B2B285942911}.Release|Any CPU.Build.0 = Release|Any CPU
	EndGlobalSection
	GlobalSection(SolutionProperties) = preSolution
		HideSolutionNode = FALSE
	EndGlobalSection
	GlobalSection(ExtensibilityGlobals) = postSolution
		SolutionGuid = {3B58D1A7-A2FA-496D-96B5-6EEE2D6AD0D3}
	EndGlobalSection
EndGlobal
