
Microsoft Visual Studio Solution File, Format Version 12.00
# Visual Studio Version 17
VisualStudioVersion = 17.1.32407.343
MinimumVisualStudioVersion = 10.0.40219.1
Project("{FAE04EC0-301F-11D3-BF4B-00C04F79EFBC}") = "Shop", "Shop.csproj", "{24EB88E8-B700-483B-85A9-51329287E0BD}"
EndProject
Global
	GlobalSection(SolutionConfigurationPlatforms) = preSolution
		Debug|Any CPU = Debug|Any CPU
		Release|Any CPU = Release|Any CPU
	EndGlobalSection
	GlobalSection(ProjectConfigurationPlatforms) = postSolution
		{24EB88E8-B700-483B-85A9-51329287E0BD}.Debug|Any CPU.ActiveCfg = Debug|Any CPU
		{24EB88E8-B700-483B-85A9-51329287E0BD}.Debug|Any CPU.Build.0 = Debug|Any CPU
		{24EB88E8-B700-483B-85A9-51329287E0BD}.Release|Any CPU.ActiveCfg = Release|Any CPU
		{24EB88E8-B700-483B-85A9-51329287E0BD}.Release|Any CPU.Build.0 = Release|Any CPU
	EndGlobalSection
	GlobalSection(SolutionProperties) = preSolution
		HideSolutionNode = FALSE
	EndGlobalSection
	GlobalSection(ExtensibilityGlobals) = postSolution
		SolutionGuid = {46CF0F54-E3CD-4C63-929C-674B99D6FA5D}
	EndGlobalSection
EndGlobal
