
Microsoft Visual Studio Solution File, Format Version 12.00
# Visual Studio Version 17
VisualStudioVersion = 17.6.33829.357
MinimumVisualStudioVersion = 10.0.40219.1
Project("{FAE04EC0-301F-11D3-BF4B-00C04F79EFBC}") = "Credits", "Credits.csproj", "{EABCB6E4-B769-45C6-97C3-118ABCF126D5}"
EndProject
Global
	GlobalSection(SolutionConfigurationPlatforms) = preSolution
		Debug|Any CPU = Debug|Any CPU
		Release|Any CPU = Release|Any CPU
	EndGlobalSection
	GlobalSection(ProjectConfigurationPlatforms) = postSolution
		{EABCB6E4-B769-45C6-97C3-118ABCF126D5}.Debug|Any CPU.ActiveCfg = Debug|Any CPU
		{EABCB6E4-B769-45C6-97C3-118ABCF126D5}.Debug|Any CPU.Build.0 = Debug|Any CPU
		{EABCB6E4-B769-45C6-97C3-118ABCF126D5}.Release|Any CPU.ActiveCfg = Release|Any CPU
		{EABCB6E4-B769-45C6-97C3-118ABCF126D5}.Release|Any CPU.Build.0 = Release|Any CPU
	EndGlobalSection
	GlobalSection(SolutionProperties) = preSolution
		HideSolutionNode = FALSE
	EndGlobalSection
	GlobalSection(ExtensibilityGlobals) = postSolution
		SolutionGuid = {505E401B-21ED-4FDF-8EE3-07044732018A}
	EndGlobalSection
EndGlobal
